// !$*UTF8*$!
{
	archiveVersion = 1;
	classes = {
	};
	objectVersion = 46;
	objects = {

/* Begin PBXBuildFile section */
		811A38251C1EBDD4008A5931 /* SyncLine.m in Sources */ = {isa = PBXBuildFile; fileRef = 811A38241C1EBDD4008A5931 /* SyncLine.m */; settings = {ASSET_TAGS = (); }; };
		811A386E1C1F0084008A5931 /* InitCityCodePlist.m in Sources */ = {isa = PBXBuildFile; fileRef = 811A386D1C1F0084008A5931 /* InitCityCodePlist.m */; settings = {ASSET_TAGS = (); }; };
		811A38721C1F03E8008A5931 /* CityCode.m in Sources */ = {isa = PBXBuildFile; fileRef = 811A38711C1F03E8008A5931 /* CityCode.m */; settings = {ASSET_TAGS = (); }; };
		811A38781C227BEC008A5931 /* CityCodeManager.m in Sources */ = {isa = PBXBuildFile; fileRef = 811A38771C227BEC008A5931 /* CityCodeManager.m */; settings = {ASSET_TAGS = (); }; };
		811A387B1C22B4A3008A5931 /* AnalysisLine.m in Sources */ = {isa = PBXBuildFile; fileRef = 811A387A1C22B4A3008A5931 /* AnalysisLine.m */; settings = {ASSET_TAGS = (); }; };
		811A387E1C22B604008A5931 /* LocaleLine.m in Sources */ = {isa = PBXBuildFile; fileRef = 811A387D1C22B604008A5931 /* LocaleLine.m */; settings = {ASSET_TAGS = (); }; };
		814BC2A21C1AB331009070CF /* main.m in Sources */ = {isa = PBXBuildFile; fileRef = 814BC2A11C1AB331009070CF /* main.m */; };
		814BC2AA1C1AB364009070CF /* Station.m in Sources */ = {isa = PBXBuildFile; fileRef = 814BC2A91C1AB364009070CF /* Station.m */; settings = {ASSET_TAGS = (); }; };
		814BC2AD1C1AB81B009070CF /* Line.m in Sources */ = {isa = PBXBuildFile; fileRef = 814BC2AC1C1AB81B009070CF /* Line.m */; settings = {ASSET_TAGS = (); }; };
/* End PBXBuildFile section */

/* Begin PBXCopyFilesBuildPhase section */
		814BC29C1C1AB331009070CF /* CopyFiles */ = {
			isa = PBXCopyFilesBuildPhase;
			buildActionMask = 12;
			dstPath = "";
			dstSubfolderSpec = 0;
			files = (
			);
			runOnlyForDeploymentPostprocessing = 0;
		};
/* End PBXCopyFilesBuildPhase section */

/* Begin PBXFileReference section */
		811A38231C1EBDD4008A5931 /* SyncLine.h */ = {isa = PBXFileReference; fileEncoding = 4; lastKnownFileType = sourcecode.c.h; path = SyncLine.h; sourceTree = "<group>"; };
		811A38241C1EBDD4008A5931 /* SyncLine.m */ = {isa = PBXFileReference; fileEncoding = 4; lastKnownFileType = sourcecode.c.objc; path = SyncLine.m; sourceTree = "<group>"; };
		811A38281C1EE5FA008A5931 /* config.plist */ = {isa = PBXFileReference; fileEncoding = 4; lastKnownFileType = text.plist.xml; path = config.plist; sourceTree = "<group>"; };
		811A386A1C1EFC5D008A5931 /* cityCode.plist */ = {isa = PBXFileReference; fileEncoding = 4; lastKnownFileType = text.plist.xml; path = cityCode.plist; sourceTree = "<group>"; };
		811A386C1C1F0084008A5931 /* InitCityCodePlist.h */ = {isa = PBXFileReference; fileEncoding = 4; lastKnownFileType = sourcecode.c.h; path = InitCityCodePlist.h; sourceTree = "<group>"; };
		811A386D1C1F0084008A5931 /* InitCityCodePlist.m */ = {isa = PBXFileReference; fileEncoding = 4; lastKnownFileType = sourcecode.c.objc; path = InitCityCodePlist.m; sourceTree = "<group>"; };
		811A38701C1F03E8008A5931 /* CityCode.h */ = {isa = PBXFileReference; fileEncoding = 4; lastKnownFileType = sourcecode.c.h; path = CityCode.h; sourceTree = "<group>"; };
		811A38711C1F03E8008A5931 /* CityCode.m */ = {isa = PBXFileReference; fileEncoding = 4; lastKnownFileType = sourcecode.c.objc; path = CityCode.m; sourceTree = "<group>"; };
		811A38731C1F0753008A5931 /* cityCode.txt */ = {isa = PBXFileReference; fileEncoding = 4; lastKnownFileType = text; path = cityCode.txt; sourceTree = "<group>"; };
		811A38761C227BEC008A5931 /* CityCodeManager.h */ = {isa = PBXFileReference; fileEncoding = 4; lastKnownFileType = sourcecode.c.h; path = CityCodeManager.h; sourceTree = "<group>"; };
		811A38771C227BEC008A5931 /* CityCodeManager.m */ = {isa = PBXFileReference; fileEncoding = 4; lastKnownFileType = sourcecode.c.objc; path = CityCodeManager.m; sourceTree = "<group>"; };
		811A38791C22B4A3008A5931 /* AnalysisLine.h */ = {isa = PBXFileReference; fileEncoding = 4; lastKnownFileType = sourcecode.c.h; path = AnalysisLine.h; sourceTree = "<group>"; };
		811A387A1C22B4A3008A5931 /* AnalysisLine.m */ = {isa = PBXFileReference; fileEncoding = 4; lastKnownFileType = sourcecode.c.objc; path = AnalysisLine.m; sourceTree = "<group>"; };
		811A387C1C22B604008A5931 /* LocaleLine.h */ = {isa = PBXFileReference; fileEncoding = 4; lastKnownFileType = sourcecode.c.h; path = LocaleLine.h; sourceTree = "<group>"; };
		811A387D1C22B604008A5931 /* LocaleLine.m */ = {isa = PBXFileReference; fileEncoding = 4; lastKnownFileType = sourcecode.c.objc; path = LocaleLine.m; sourceTree = "<group>"; };
		814BC29E1C1AB331009070CF /* 全国公交车站站点查询 */ = {isa = PBXFileReference; explicitFileType = "compiled.mach-o.executable"; includeInIndex = 0; path = "全国公交车站站点查询"; sourceTree = BUILT_PRODUCTS_DIR; };
		814BC2A11C1AB331009070CF /* main.m */ = {isa = PBXFileReference; lastKnownFileType = sourcecode.c.objc; path = main.m; sourceTree = "<group>"; };
		814BC2A81C1AB364009070CF /* Station.h */ = {isa = PBXFileReference; fileEncoding = 4; lastKnownFileType = sourcecode.c.h; path = Station.h; sourceTree = "<group>"; };
		814BC2A91C1AB364009070CF /* Station.m */ = {isa = PBXFileReference; fileEncoding = 4; lastKnownFileType = sourcecode.c.objc; path = Station.m; sourceTree = "<group>"; };
		814BC2AB1C1AB81B009070CF /* Line.h */ = {isa = PBXFileReference; fileEncoding = 4; lastKnownFileType = sourcecode.c.h; path = Line.h; sourceTree = "<group>"; };
		814BC2AC1C1AB81B009070CF /* Line.m */ = {isa = PBXFileReference; fileEncoding = 4; lastKnownFileType = sourcecode.c.objc; path = Line.m; sourceTree = "<group>"; };
/* End PBXFileReference section */

/* Begin PBXFrameworksBuildPhase section */
		814BC29B1C1AB331009070CF /* Frameworks */ = {
			isa = PBXFrameworksBuildPhase;
			buildActionMask = 2147483647;
			files = (
			);
			runOnlyForDeploymentPostprocessing = 0;
		};
/* End PBXFrameworksBuildPhase section */

/* Begin PBXGroup section */
		811A382D1C1EEA86008A5931 /* Resources */ = {
			isa = PBXGroup;
			children = (
				811A38731C1F0753008A5931 /* cityCode.txt */,
				811A38281C1EE5FA008A5931 /* config.plist */,
				811A386A1C1EFC5D008A5931 /* cityCode.plist */,
			);
			name = Resources;
			sourceTree = "<group>";
		};
		811A386B1C1F005E008A5931 /* CityCode */ = {
			isa = PBXGroup;
			children = (
				811A386C1C1F0084008A5931 /* InitCityCodePlist.h */,
				811A386D1C1F0084008A5931 /* InitCityCodePlist.m */,
				811A38701C1F03E8008A5931 /* CityCode.h */,
				811A38711C1F03E8008A5931 /* CityCode.m */,
				811A38761C227BEC008A5931 /* CityCodeManager.h */,
				811A38771C227BEC008A5931 /* CityCodeManager.m */,
			);
			name = CityCode;
			sourceTree = "<group>";
		};
		811A38741C227B31008A5931 /* Line */ = {
			isa = PBXGroup;
			children = (
				814BC2AB1C1AB81B009070CF /* Line.h */,
				814BC2AC1C1AB81B009070CF /* Line.m */,
				811A38231C1EBDD4008A5931 /* SyncLine.h */,
				811A38241C1EBDD4008A5931 /* SyncLine.m */,
				811A38791C22B4A3008A5931 /* AnalysisLine.h */,
				811A387A1C22B4A3008A5931 /* AnalysisLine.m */,
				811A387C1C22B604008A5931 /* LocaleLine.h */,
				811A387D1C22B604008A5931 /* LocaleLine.m */,
			);
			name = Line;
			sourceTree = "<group>";
		};
		811A38751C227B4D008A5931 /* Station */ = {
			isa = PBXGroup;
			children = (
				814BC2A81C1AB364009070CF /* Station.h */,
				814BC2A91C1AB364009070CF /* Station.m */,
			);
			name = Station;
			sourceTree = "<group>";
		};
		814BC2951C1AB331009070CF = {
			isa = PBXGroup;
			children = (
				814BC2A01C1AB331009070CF /* 全国公交车站站点查询 */,
				814BC29F1C1AB331009070CF /* Products */,
			);
			sourceTree = "<group>";
		};
		814BC29F1C1AB331009070CF /* Products */ = {
			isa = PBXGroup;
			children = (
				814BC29E1C1AB331009070CF /* 全国公交车站站点查询 */,
			);
			name = Products;
			sourceTree = "<group>";
		};
		814BC2A01C1AB331009070CF /* 全国公交车站站点查询 */ = {
			isa = PBXGroup;
			children = (
				811A38751C227B4D008A5931 /* Station */,
				811A38741C227B31008A5931 /* Line */,
				811A386B1C1F005E008A5931 /* CityCode */,
				811A382D1C1EEA86008A5931 /* Resources */,
				814BC2A11C1AB331009070CF /* main.m */,
			);
			path = "全国公交车站站点查询";
			sourceTree = "<group>";
		};
/* End PBXGroup section */

/* Begin PBXNativeTarget section */
		814BC29D1C1AB331009070CF /* 全国公交车站站点查询 */ = {
			isa = PBXNativeTarget;
			buildConfigurationList = 814BC2A51C1AB331009070CF /* Build configuration list for PBXNativeTarget "全国公交车站站点查询" */;
			buildPhases = (
				814BC29A1C1AB331009070CF /* Sources */,
				814BC29B1C1AB331009070CF /* Frameworks */,
				814BC29C1C1AB331009070CF /* CopyFiles */,
			);
			buildRules = (
			);
			dependencies = (
			);
			name = "全国公交车站站点查询";
			productName = "全国公交车站站点查询";
			productReference = 814BC29E1C1AB331009070CF /* 全国公交车站站点查询 */;
			productType = "com.apple.product-type.tool";
		};
/* End PBXNativeTarget section */

/* Begin PBXProject section */
		814BC2961C1AB331009070CF /* Project object */ = {
			isa = PBXProject;
			attributes = {
				LastUpgradeCheck = 0700;
				ORGANIZATIONNAME = "王莉";
				TargetAttributes = {
					814BC29D1C1AB331009070CF = {
						CreatedOnToolsVersion = 7.0;
					};
				};
			};
			buildConfigurationList = 814BC2991C1AB331009070CF /* Build configuration list for PBXProject "全国公交车站站点查询" */;
			compatibilityVersion = "Xcode 3.2";
			developmentRegion = English;
			hasScannedForEncodings = 0;
			knownRegions = (
				en,
				Base,
			);
			mainGroup = 814BC2951C1AB331009070CF;
			productRefGroup = 814BC29F1C1AB331009070CF /* Products */;
			projectDirPath = "";
			projectRoot = "";
			targets = (
				814BC29D1C1AB331009070CF /* 全国公交车站站点查询 */,
			);
		};
/* End PBXProject section */

/* Begin PBXSourcesBuildPhase section */
		814BC29A1C1AB331009070CF /* Sources */ = {
			isa = PBXSourcesBuildPhase;
			buildActionMask = 2147483647;
			files = (
				811A386E1C1F0084008A5931 /* InitCityCodePlist.m in Sources */,
				811A387E1C22B604008A5931 /* LocaleLine.m in Sources */,
				811A38251C1EBDD4008A5931 /* SyncLine.m in Sources */,
				811A387B1C22B4A3008A5931 /* AnalysisLine.m in Sources */,
				814BC2AA1C1AB364009070CF /* Station.m in Sources */,
				811A38781C227BEC008A5931 /* CityCodeManager.m in Sources */,
				814BC2AD1C1AB81B009070CF /* Line.m in Sources */,
				814BC2A21C1AB331009070CF /* main.m in Sources */,
				811A38721C1F03E8008A5931 /* CityCode.m in Sources */,
			);
			runOnlyForDeploymentPostprocessing = 0;
		};
/* End PBXSourcesBuildPhase section */

/* Begin XCBuildConfiguration section */
		814BC2A31C1AB331009070CF /* Debug */ = {
			isa = XCBuildConfiguration;
			buildSettings = {
				ALWAYS_SEARCH_USER_PATHS = NO;
				CLANG_CXX_LANGUAGE_STANDARD = "gnu++0x";
				CLANG_CXX_LIBRARY = "libc++";
				CLANG_ENABLE_MODULES = YES;
				CLANG_ENABLE_OBJC_ARC = YES;
				CLANG_WARN_BOOL_CONVERSION = YES;
				CLANG_WARN_CONSTANT_CONVERSION = YES;
				CLANG_WARN_DIRECT_OBJC_ISA_USAGE = YES_ERROR;
				CLANG_WARN_EMPTY_BODY = YES;
				CLANG_WARN_ENUM_CONVERSION = YES;
				CLANG_WARN_INT_CONVERSION = YES;
				CLANG_WARN_OBJC_ROOT_CLASS = YES_ERROR;
				CLANG_WARN_UNREACHABLE_CODE = YES;
				CLANG_WARN__DUPLICATE_METHOD_MATCH = YES;
				COPY_PHASE_STRIP = NO;
				DEBUG_INFORMATION_FORMAT = dwarf;
				ENABLE_STRICT_OBJC_MSGSEND = YES;
				ENABLE_TESTABILITY = YES;
				GCC_C_LANGUAGE_STANDARD = gnu99;
				GCC_DYNAMIC_NO_PIC = NO;
				GCC_NO_COMMON_BLOCKS = YES;
				GCC_OPTIMIZATION_LEVEL = 0;
				GCC_PREPROCESSOR_DEFINITIONS = (
					"DEBUG=1",
					"$(inherited)",
				);
				GCC_WARN_64_TO_32_BIT_CONVERSION = YES;
				GCC_WARN_ABOUT_RETURN_TYPE = YES_ERROR;
				GCC_WARN_UNDECLARED_SELECTOR = YES;
				GCC_WARN_UNINITIALIZED_AUTOS = YES_AGGRESSIVE;
				GCC_WARN_UNUSED_FUNCTION = YES;
				GCC_WARN_UNUSED_VARIABLE = YES;
				MACOSX_DEPLOYMENT_TARGET = 10.11;
				MTL_ENABLE_DEBUG_INFO = YES;
				ONLY_ACTIVE_ARCH = YES;
				SDKROOT = macosx;
			};
			name = Debug;
		};
		814BC2A41C1AB331009070CF /* Release */ = {
			isa = XCBuildConfiguration;
			buildSettings = {
				ALWAYS_SEARCH_USER_PATHS = NO;
				CLANG_CXX_LANGUAGE_STANDARD = "gnu++0x";
				CLANG_CXX_LIBRARY = "libc++";
				CLANG_ENABLE_MODULES = YES;
				CLANG_ENABLE_OBJC_ARC = YES;
				CLANG_WARN_BOOL_CONVERSION = YES;
				CLANG_WARN_CONSTANT_CONVERSION = YES;
				CLANG_WARN_DIRECT_OBJC_ISA_USAGE = YES_ERROR;
				CLANG_WARN_EMPTY_BODY = YES;
				CLANG_WARN_ENUM_CONVERSION = YES;
				CLANG_WARN_INT_CONVERSION = YES;
				CLANG_WARN_OBJC_ROOT_CLASS = YES_ERROR;
				CLANG_WARN_UNREACHABLE_CODE = YES;
				CLANG_WARN__DUPLICATE_METHOD_MATCH = YES;
				COPY_PHASE_STRIP = NO;
				DEBUG_INFORMATION_FORMAT = "dwarf-with-dsym";
				ENABLE_NS_ASSERTIONS = NO;
				ENABLE_STRICT_OBJC_MSGSEND = YES;
				GCC_C_LANGUAGE_STANDARD = gnu99;
				GCC_NO_COMMON_BLOCKS = YES;
				GCC_WARN_64_TO_32_BIT_CONVERSION = YES;
				GCC_WARN_ABOUT_RETURN_TYPE = YES_ERROR;
				GCC_WARN_UNDECLARED_SELECTOR = YES;
				GCC_WARN_UNINITIALIZED_AUTOS = YES_AGGRESSIVE;
				GCC_WARN_UNUSED_FUNCTION = YES;
				GCC_WARN_UNUSED_VARIABLE = YES;
				MACOSX_DEPLOYMENT_TARGET = 10.11;
				MTL_ENABLE_DEBUG_INFO = NO;
				SDKROOT = macosx;
			};
			name = Release;
		};
		814BC2A61C1AB331009070CF /* Debug */ = {
			isa = XCBuildConfiguration;
			buildSettings = {
				PRODUCT_NAME = "$(TARGET_NAME)";
			};
			name = Debug;
		};
		814BC2A71C1AB331009070CF /* Release */ = {
			isa = XCBuildConfiguration;
			buildSettings = {
				PRODUCT_NAME = "$(TARGET_NAME)";
			};
			name = Release;
		};
/* End XCBuildConfiguration section */

/* Begin XCConfigurationList section */
		814BC2991C1AB331009070CF /* Build configuration list for PBXProject "全国公交车站站点查询" */ = {
			isa = XCConfigurationList;
			buildConfigurations = (
				814BC2A31C1AB331009070CF /* Debug */,
				814BC2A41C1AB331009070CF /* Release */,
			);
			defaultConfigurationIsVisible = 0;
			defaultConfigurationName = Release;
		};
		814BC2A51C1AB331009070CF /* Build configuration list for PBXNativeTarget "全国公交车站站点查询" */ = {
			isa = XCConfigurationList;
			buildConfigurations = (
				814BC2A61C1AB331009070CF /* Debug */,
				814BC2A71C1AB331009070CF /* Release */,
			);
			defaultConfigurationIsVisible = 0;
			defaultConfigurationName = Release;
		};
/* End XCConfigurationList section */
	};
	rootObject = 814BC2961C1AB331009070CF /* Project object */;
}
